<Solution>
  <Configurations>
    <Platform Name="x64" />
  </Configurations>
  <Project Path="engine/externals/DirectXTex/DirectXTex_Desktop_2022.vcxproj" Id="371b9fa9-4c90-4ac6-a123-aced756d6c77" />
  <Project Path="engine/externals/imgui/imgui.vcxproj" Id="f6ba9c36-46d4-4c55-9c90-d016c833a837" />
  <Project Path="engine/Engine.vcxproj" Id="8d69c2b4-4f39-47f0-9a40-4cb78ec442a1" />
  <Project Path="app/App.vcxproj" Id="e6cc3ec8-7c68-4cc8-8a93-56ec9352feae" />
</Solution>
